// !$*UTF8*$!
{
	archiveVersion = 1;
	classes = {
	};
	objectVersion = 55;
	objects = {

/* Begin PBXBuildFile section */
		2511F47128670A5800E59FB0 /* SharePetCollectionViewController.swift in Sources */ = {isa = PBXBuildFile; fileRef = 2511F47028670A5800E59FB0 /* SharePetCollectionViewController.swift */; };
		2511F473286725A800E59FB0 /* PostSharingViewController.swift in Sources */ = {isa = PBXBuildFile; fileRef = 2511F472286725A800E59FB0 /* PostSharingViewController.swift */; };
		2511F4752867413B00E59FB0 /* ShareModel.swift in Sources */ = {isa = PBXBuildFile; fileRef = 2511F4742867413B00E59FB0 /* ShareModel.swift */; };
		2511F47728674AE900E59FB0 /* ShareManager.swift in Sources */ = {isa = PBXBuildFile; fileRef = 2511F47628674AE900E59FB0 /* ShareManager.swift */; };
		251646AD286434CF00D3AF27 /* CommentViewController.swift in Sources */ = {isa = PBXBuildFile; fileRef = 251646AC286434CF00D3AF27 /* CommentViewController.swift */; };
		251646AF28643FD400D3AF27 /* CommentTableViewCell.swift in Sources */ = {isa = PBXBuildFile; fileRef = 251646AE28643FD400D3AF27 /* CommentTableViewCell.swift */; };
		25178BA0286AA6DB008126A9 /* UserModel.swift in Sources */ = {isa = PBXBuildFile; fileRef = 25178B9F286AA6DB008126A9 /* UserModel.swift */; };
		25178BA2286AA79C008126A9 /* UserFirebaseManager.swift in Sources */ = {isa = PBXBuildFile; fileRef = 25178BA1286AA79C008126A9 /* UserFirebaseManager.swift */; };
		251A7EA8285EED5100FA7E1D /* AnimalData.xcdatamodeld in Sources */ = {isa = PBXBuildFile; fileRef = 251A7EA6285EED5000FA7E1D /* AnimalData.xcdatamodeld */; };
		251A7EAC285F114100FA7E1D /* AdoptionViewController.swift in Sources */ = {isa = PBXBuildFile; fileRef = 251A7EAB285F114100FA7E1D /* AdoptionViewController.swift */; };
		251A7EAF285F122800FA7E1D /* AdoptionTableViewCell.swift in Sources */ = {isa = PBXBuildFile; fileRef = 251A7EAE285F122800FA7E1D /* AdoptionTableViewCell.swift */; };
		251AAA8C28686F840074F094 /* ShareDetailViewController.swift in Sources */ = {isa = PBXBuildFile; fileRef = 251AAA8B28686F840074F094 /* ShareDetailViewController.swift */; };
		251AAA8E286875A90074F094 /* ShareDetailTableViewCell.swift in Sources */ = {isa = PBXBuildFile; fileRef = 251AAA8D286875A90074F094 /* ShareDetailTableViewCell.swift */; };
		251AF645285C597F007B912D /* HomeFilterViewController.swift in Sources */ = {isa = PBXBuildFile; fileRef = 251AF644285C597F007B912D /* HomeFilterViewController.swift */; };
		251AF647285CB0EF007B912D /* MapViewController.swift in Sources */ = {isa = PBXBuildFile; fileRef = 251AF646285CB0EE007B912D /* MapViewController.swift */; };
		251C9982285DC74E00E46457 /* FavoriteListViewController.swift in Sources */ = {isa = PBXBuildFile; fileRef = 251C9981285DC74E00E46457 /* FavoriteListViewController.swift */; };
		251C9984285DCA2D00E46457 /* FavoriteListTableViewCell.swift in Sources */ = {isa = PBXBuildFile; fileRef = 251C9983285DCA2D00E46457 /* FavoriteListTableViewCell.swift */; };
		251CF7FB28586FC7004BDEC9 /* AppDelegate.swift in Sources */ = {isa = PBXBuildFile; fileRef = 251CF7FA28586FC7004BDEC9 /* AppDelegate.swift */; };
		251CF7FD28586FC7004BDEC9 /* SceneDelegate.swift in Sources */ = {isa = PBXBuildFile; fileRef = 251CF7FC28586FC7004BDEC9 /* SceneDelegate.swift */; };
		251CF7FF28586FC7004BDEC9 /* HomeViewController.swift in Sources */ = {isa = PBXBuildFile; fileRef = 251CF7FE28586FC7004BDEC9 /* HomeViewController.swift */; };
		251CF80228586FC7004BDEC9 /* Main.storyboard in Resources */ = {isa = PBXBuildFile; fileRef = 251CF80028586FC7004BDEC9 /* Main.storyboard */; };
		251CF80428586FC8004BDEC9 /* Assets.xcassets in Resources */ = {isa = PBXBuildFile; fileRef = 251CF80328586FC8004BDEC9 /* Assets.xcassets */; };
		251CF80728586FC8004BDEC9 /* LaunchScreen.storyboard in Resources */ = {isa = PBXBuildFile; fileRef = 251CF80528586FC8004BDEC9 /* LaunchScreen.storyboard */; };
		252D807C28597CFE0076236B /* HomeCollectionViewCell.swift in Sources */ = {isa = PBXBuildFile; fileRef = 252D807B28597CFE0076236B /* HomeCollectionViewCell.swift */; };
		252D807E285995290076236B /* ShelterDataModel.swift in Sources */ = {isa = PBXBuildFile; fileRef = 252D807D285995290076236B /* ShelterDataModel.swift */; };
		252D80802859A1A40076236B /* UITableViewCell+Extension.swift in Sources */ = {isa = PBXBuildFile; fileRef = 252D807F2859A1A40076236B /* UITableViewCell+Extension.swift */; };
		252D80822859CC7C0076236B /* ShelterManager.swift in Sources */ = {isa = PBXBuildFile; fileRef = 252D80812859CC7C0076236B /* ShelterManager.swift */; };
		252D80842859E67C0076236B /* HTTP.swift in Sources */ = {isa = PBXBuildFile; fileRef = 252D80832859E67C0076236B /* HTTP.swift */; };
		252D8086285A170A0076236B /* HomeDetailViewController.swift in Sources */ = {isa = PBXBuildFile; fileRef = 252D8085285A170A0076236B /* HomeDetailViewController.swift */; };
		25349ABD286C484A00C5F76B /* EditProfileViewController.swift in Sources */ = {isa = PBXBuildFile; fileRef = 25349ABC286C484A00C5F76B /* EditProfileViewController.swift */; };
		253773BE285AE5B300B28A3D /* HomeDetailTableViewCell.swift in Sources */ = {isa = PBXBuildFile; fileRef = 253773BD285AE5B300B28A3D /* HomeDetailTableViewCell.swift */; };
		254861B62865AE7B00A4C177 /* ShareCollectionViewCell.swift in Sources */ = {isa = PBXBuildFile; fileRef = 254861B52865AE7B00A4C177 /* ShareCollectionViewCell.swift */; };
		257CA5ED285895620009BE17 /* GoogleService-Info.plist in Resources */ = {isa = PBXBuildFile; fileRef = 257CA5EC285895620009BE17 /* GoogleService-Info.plist */; };
		257CA5F028589A780009BE17 /* UIView+Extension.swift in Sources */ = {isa = PBXBuildFile; fileRef = 257CA5EF28589A780009BE17 /* UIView+Extension.swift */; };
		257CA5F328589B550009BE17 /* UIScreen+Extension.swift in Sources */ = {isa = PBXBuildFile; fileRef = 257CA5F228589B550009BE17 /* UIScreen+Extension.swift */; };
		25A215B928607435002CE9BA /* AdoptionModel.swift in Sources */ = {isa = PBXBuildFile; fileRef = 25A215B828607435002CE9BA /* AdoptionModel.swift */; };
		25A215BB2860749F002CE9BA /* PublishAdoptionViewController.swift in Sources */ = {isa = PBXBuildFile; fileRef = 25A215BA2860749F002CE9BA /* PublishAdoptionViewController.swift */; };
		25BB098828616F60005E7872 /* AdoptionManager.swift in Sources */ = {isa = PBXBuildFile; fileRef = 25BB098728616F60005E7872 /* AdoptionManager.swift */; };
		25E5732F2869746F009348A0 /* ShareCommentViewController.swift in Sources */ = {isa = PBXBuildFile; fileRef = 25E5732E2869746F009348A0 /* ShareCommentViewController.swift */; };
		25E5733128699EA0009348A0 /* ShareCommentTableViewCell.swift in Sources */ = {isa = PBXBuildFile; fileRef = 25E5733028699EA0009348A0 /* ShareCommentTableViewCell.swift */; };
		25E573342869B20E009348A0 /* ProfileViewController.swift in Sources */ = {isa = PBXBuildFile; fileRef = 25E573332869B20E009348A0 /* ProfileViewController.swift */; };
		25E573362869B26D009348A0 /* ProfileTableViewCell.swift in Sources */ = {isa = PBXBuildFile; fileRef = 25E573352869B26D009348A0 /* ProfileTableViewCell.swift */; };
		25E573392869B6A8009348A0 /* SignInWithAppleVC.swift in Sources */ = {isa = PBXBuildFile; fileRef = 25E573382869B6A8009348A0 /* SignInWithAppleVC.swift */; };
		25E5733C2869D343009348A0 /* CustomFunc.swift in Sources */ = {isa = PBXBuildFile; fileRef = 25E5733B2869D343009348A0 /* CustomFunc.swift */; };
		7954F532F797B975F70B0FAD /* Pods_BringAPetHome.framework in Frameworks */ = {isa = PBXBuildFile; fileRef = 6EB70D8402DBAFBE4D0C90C4 /* Pods_BringAPetHome.framework */; };
/* End PBXBuildFile section */

/* Begin PBXFileReference section */
		2511F47028670A5800E59FB0 /* SharePetCollectionViewController.swift */ = {isa = PBXFileReference; lastKnownFileType = sourcecode.swift; path = SharePetCollectionViewController.swift; sourceTree = "<group>"; };
		2511F472286725A800E59FB0 /* PostSharingViewController.swift */ = {isa = PBXFileReference; lastKnownFileType = sourcecode.swift; path = PostSharingViewController.swift; sourceTree = "<group>"; };
		2511F4742867413B00E59FB0 /* ShareModel.swift */ = {isa = PBXFileReference; lastKnownFileType = sourcecode.swift; path = ShareModel.swift; sourceTree = "<group>"; };
		2511F47628674AE900E59FB0 /* ShareManager.swift */ = {isa = PBXFileReference; lastKnownFileType = sourcecode.swift; path = ShareManager.swift; sourceTree = "<group>"; };
		251646AC286434CF00D3AF27 /* CommentViewController.swift */ = {isa = PBXFileReference; lastKnownFileType = sourcecode.swift; path = CommentViewController.swift; sourceTree = "<group>"; };
		251646AE28643FD400D3AF27 /* CommentTableViewCell.swift */ = {isa = PBXFileReference; lastKnownFileType = sourcecode.swift; path = CommentTableViewCell.swift; sourceTree = "<group>"; };
		25178B9F286AA6DB008126A9 /* UserModel.swift */ = {isa = PBXFileReference; lastKnownFileType = sourcecode.swift; path = UserModel.swift; sourceTree = "<group>"; };
		25178BA1286AA79C008126A9 /* UserFirebaseManager.swift */ = {isa = PBXFileReference; lastKnownFileType = sourcecode.swift; path = UserFirebaseManager.swift; sourceTree = "<group>"; };
		251A7EA7285EED5000FA7E1D /* UserData.xcdatamodel */ = {isa = PBXFileReference; lastKnownFileType = wrapper.xcdatamodel; path = UserData.xcdatamodel; sourceTree = "<group>"; };
		251A7EAB285F114100FA7E1D /* AdoptionViewController.swift */ = {isa = PBXFileReference; lastKnownFileType = sourcecode.swift; path = AdoptionViewController.swift; sourceTree = "<group>"; };
		251A7EAE285F122800FA7E1D /* AdoptionTableViewCell.swift */ = {isa = PBXFileReference; lastKnownFileType = sourcecode.swift; path = AdoptionTableViewCell.swift; sourceTree = "<group>"; };
		251AAA8B28686F840074F094 /* ShareDetailViewController.swift */ = {isa = PBXFileReference; lastKnownFileType = sourcecode.swift; path = ShareDetailViewController.swift; sourceTree = "<group>"; };
		251AAA8D286875A90074F094 /* ShareDetailTableViewCell.swift */ = {isa = PBXFileReference; lastKnownFileType = sourcecode.swift; path = ShareDetailTableViewCell.swift; sourceTree = "<group>"; };
		251AF644285C597F007B912D /* HomeFilterViewController.swift */ = {isa = PBXFileReference; lastKnownFileType = sourcecode.swift; path = HomeFilterViewController.swift; sourceTree = "<group>"; };
		251AF646285CB0EE007B912D /* MapViewController.swift */ = {isa = PBXFileReference; lastKnownFileType = sourcecode.swift; path = MapViewController.swift; sourceTree = "<group>"; };
		251C9981285DC74E00E46457 /* FavoriteListViewController.swift */ = {isa = PBXFileReference; lastKnownFileType = sourcecode.swift; path = FavoriteListViewController.swift; sourceTree = "<group>"; };
		251C9983285DCA2D00E46457 /* FavoriteListTableViewCell.swift */ = {isa = PBXFileReference; lastKnownFileType = sourcecode.swift; path = FavoriteListTableViewCell.swift; sourceTree = "<group>"; };
		251CF7F728586FC7004BDEC9 /* BringAPetHome.app */ = {isa = PBXFileReference; explicitFileType = wrapper.application; includeInIndex = 0; path = BringAPetHome.app; sourceTree = BUILT_PRODUCTS_DIR; };
		251CF7FA28586FC7004BDEC9 /* AppDelegate.swift */ = {isa = PBXFileReference; lastKnownFileType = sourcecode.swift; path = AppDelegate.swift; sourceTree = "<group>"; };
		251CF7FC28586FC7004BDEC9 /* SceneDelegate.swift */ = {isa = PBXFileReference; lastKnownFileType = sourcecode.swift; path = SceneDelegate.swift; sourceTree = "<group>"; };
		251CF7FE28586FC7004BDEC9 /* HomeViewController.swift */ = {isa = PBXFileReference; lastKnownFileType = sourcecode.swift; path = HomeViewController.swift; sourceTree = "<group>"; };
		251CF80128586FC7004BDEC9 /* Base */ = {isa = PBXFileReference; lastKnownFileType = file.storyboard; name = Base; path = Base.lproj/Main.storyboard; sourceTree = "<group>"; };
		251CF80328586FC8004BDEC9 /* Assets.xcassets */ = {isa = PBXFileReference; lastKnownFileType = folder.assetcatalog; path = Assets.xcassets; sourceTree = "<group>"; };
		251CF80628586FC8004BDEC9 /* Base */ = {isa = PBXFileReference; lastKnownFileType = file.storyboard; name = Base; path = Base.lproj/LaunchScreen.storyboard; sourceTree = "<group>"; };
		251CF80828586FC8004BDEC9 /* Info.plist */ = {isa = PBXFileReference; lastKnownFileType = text.plist.xml; path = Info.plist; sourceTree = "<group>"; };
		252D807B28597CFE0076236B /* HomeCollectionViewCell.swift */ = {isa = PBXFileReference; lastKnownFileType = sourcecode.swift; path = HomeCollectionViewCell.swift; sourceTree = "<group>"; };
		252D807D285995290076236B /* ShelterDataModel.swift */ = {isa = PBXFileReference; lastKnownFileType = sourcecode.swift; path = ShelterDataModel.swift; sourceTree = "<group>"; };
		252D807F2859A1A40076236B /* UITableViewCell+Extension.swift */ = {isa = PBXFileReference; lastKnownFileType = sourcecode.swift; path = "UITableViewCell+Extension.swift"; sourceTree = "<group>"; };
		252D80812859CC7C0076236B /* ShelterManager.swift */ = {isa = PBXFileReference; lastKnownFileType = sourcecode.swift; path = ShelterManager.swift; sourceTree = "<group>"; };
		252D80832859E67C0076236B /* HTTP.swift */ = {isa = PBXFileReference; lastKnownFileType = sourcecode.swift; path = HTTP.swift; sourceTree = "<group>"; };
		252D8085285A170A0076236B /* HomeDetailViewController.swift */ = {isa = PBXFileReference; lastKnownFileType = sourcecode.swift; path = HomeDetailViewController.swift; sourceTree = "<group>"; };
		25349ABC286C484A00C5F76B /* EditProfileViewController.swift */ = {isa = PBXFileReference; lastKnownFileType = sourcecode.swift; path = EditProfileViewController.swift; sourceTree = "<group>"; };
		253773BD285AE5B300B28A3D /* HomeDetailTableViewCell.swift */ = {isa = PBXFileReference; lastKnownFileType = sourcecode.swift; path = HomeDetailTableViewCell.swift; sourceTree = "<group>"; };
		254861B52865AE7B00A4C177 /* ShareCollectionViewCell.swift */ = {isa = PBXFileReference; lastKnownFileType = sourcecode.swift; path = ShareCollectionViewCell.swift; sourceTree = "<group>"; };
		257CA5EC285895620009BE17 /* GoogleService-Info.plist */ = {isa = PBXFileReference; fileEncoding = 4; lastKnownFileType = text.plist.xml; path = "GoogleService-Info.plist"; sourceTree = "<group>"; };
		257CA5EF28589A780009BE17 /* UIView+Extension.swift */ = {isa = PBXFileReference; lastKnownFileType = sourcecode.swift; path = "UIView+Extension.swift"; sourceTree = "<group>"; };
		257CA5F228589B550009BE17 /* UIScreen+Extension.swift */ = {isa = PBXFileReference; lastKnownFileType = sourcecode.swift; path = "UIScreen+Extension.swift"; sourceTree = "<group>"; };
		25A215B828607435002CE9BA /* AdoptionModel.swift */ = {isa = PBXFileReference; lastKnownFileType = sourcecode.swift; path = AdoptionModel.swift; sourceTree = "<group>"; };
		25A215BA2860749F002CE9BA /* PublishAdoptionViewController.swift */ = {isa = PBXFileReference; lastKnownFileType = sourcecode.swift; path = PublishAdoptionViewController.swift; sourceTree = "<group>"; };
		25BB098728616F60005E7872 /* AdoptionManager.swift */ = {isa = PBXFileReference; lastKnownFileType = sourcecode.swift; path = AdoptionManager.swift; sourceTree = "<group>"; };
		25E5732E2869746F009348A0 /* ShareCommentViewController.swift */ = {isa = PBXFileReference; lastKnownFileType = sourcecode.swift; path = ShareCommentViewController.swift; sourceTree = "<group>"; };
		25E5733028699EA0009348A0 /* ShareCommentTableViewCell.swift */ = {isa = PBXFileReference; lastKnownFileType = sourcecode.swift; path = ShareCommentTableViewCell.swift; sourceTree = "<group>"; };
		25E573332869B20E009348A0 /* ProfileViewController.swift */ = {isa = PBXFileReference; lastKnownFileType = sourcecode.swift; path = ProfileViewController.swift; sourceTree = "<group>"; };
		25E573352869B26D009348A0 /* ProfileTableViewCell.swift */ = {isa = PBXFileReference; lastKnownFileType = sourcecode.swift; path = ProfileTableViewCell.swift; sourceTree = "<group>"; };
		25E573382869B6A8009348A0 /* SignInWithAppleVC.swift */ = {isa = PBXFileReference; lastKnownFileType = sourcecode.swift; path = SignInWithAppleVC.swift; sourceTree = "<group>"; };
		25E5733A2869D04C009348A0 /* BringAPetHome.entitlements */ = {isa = PBXFileReference; lastKnownFileType = text.plist.entitlements; path = BringAPetHome.entitlements; sourceTree = "<group>"; };
		25E5733B2869D343009348A0 /* CustomFunc.swift */ = {isa = PBXFileReference; lastKnownFileType = sourcecode.swift; path = CustomFunc.swift; sourceTree = "<group>"; };
		3553C5DC4967E9C811258625 /* Pods-BringAPetHome.release.xcconfig */ = {isa = PBXFileReference; includeInIndex = 1; lastKnownFileType = text.xcconfig; name = "Pods-BringAPetHome.release.xcconfig"; path = "Target Support Files/Pods-BringAPetHome/Pods-BringAPetHome.release.xcconfig"; sourceTree = "<group>"; };
		6EB70D8402DBAFBE4D0C90C4 /* Pods_BringAPetHome.framework */ = {isa = PBXFileReference; explicitFileType = wrapper.framework; includeInIndex = 0; path = Pods_BringAPetHome.framework; sourceTree = BUILT_PRODUCTS_DIR; };
		88403816CC320A23BF606720 /* Pods-BringAPetHome.debug.xcconfig */ = {isa = PBXFileReference; includeInIndex = 1; lastKnownFileType = text.xcconfig; name = "Pods-BringAPetHome.debug.xcconfig"; path = "Target Support Files/Pods-BringAPetHome/Pods-BringAPetHome.debug.xcconfig"; sourceTree = "<group>"; };
/* End PBXFileReference section */

/* Begin PBXFrameworksBuildPhase section */
		251CF7F428586FC7004BDEC9 /* Frameworks */ = {
			isa = PBXFrameworksBuildPhase;
			buildActionMask = 2147483647;
			files = (
				7954F532F797B975F70B0FAD /* Pods_BringAPetHome.framework in Frameworks */,
			);
			runOnlyForDeploymentPostprocessing = 0;
		};
/* End PBXFrameworksBuildPhase section */

/* Begin PBXGroup section */
		196AFFB5792B35F605A44D66 /* Pods */ = {
			isa = PBXGroup;
			children = (
				88403816CC320A23BF606720 /* Pods-BringAPetHome.debug.xcconfig */,
				3553C5DC4967E9C811258625 /* Pods-BringAPetHome.release.xcconfig */,
			);
			path = Pods;
			sourceTree = "<group>";
		};
		251A7EA9285F10F500FA7E1D /* Home */ = {
			isa = PBXGroup;
			children = (
				251CF7FE28586FC7004BDEC9 /* HomeViewController.swift */,
				252D8085285A170A0076236B /* HomeDetailViewController.swift */,
				251AF644285C597F007B912D /* HomeFilterViewController.swift */,
				251AF646285CB0EE007B912D /* MapViewController.swift */,
				251C9981285DC74E00E46457 /* FavoriteListViewController.swift */,
			);
			path = Home;
			sourceTree = "<group>";
		};
		251A7EAA285F111700FA7E1D /* Adoption */ = {
			isa = PBXGroup;
			children = (
				251A7EAB285F114100FA7E1D /* AdoptionViewController.swift */,
				25A215BA2860749F002CE9BA /* PublishAdoptionViewController.swift */,
				251646AC286434CF00D3AF27 /* CommentViewController.swift */,
			);
			path = Adoption;
			sourceTree = "<group>";
		};
		251A7EAD285F11F800FA7E1D /* Adoption */ = {
			isa = PBXGroup;
			children = (
				251A7EAE285F122800FA7E1D /* AdoptionTableViewCell.swift */,
				251646AE28643FD400D3AF27 /* CommentTableViewCell.swift */,
			);
			path = Adoption;
			sourceTree = "<group>";
		};
		251CF7EE28586FC6004BDEC9 = {
			isa = PBXGroup;
			children = (
				251CF7F928586FC7004BDEC9 /* BringAPetHome */,
				251CF7F828586FC7004BDEC9 /* Products */,
				196AFFB5792B35F605A44D66 /* Pods */,
				D5EDE5F826D72F73483289C1 /* Frameworks */,
			);
			sourceTree = "<group>";
		};
		251CF7F828586FC7004BDEC9 /* Products */ = {
			isa = PBXGroup;
			children = (
				251CF7F728586FC7004BDEC9 /* BringAPetHome.app */,
			);
			name = Products;
			sourceTree = "<group>";
		};
		251CF7F928586FC7004BDEC9 /* BringAPetHome */ = {
			isa = PBXGroup;
			children = (
				25E5733A2869D04C009348A0 /* BringAPetHome.entitlements */,
				251CF7FA28586FC7004BDEC9 /* AppDelegate.swift */,
				251CF7FC28586FC7004BDEC9 /* SceneDelegate.swift */,
				251CF80328586FC8004BDEC9 /* Assets.xcassets */,
				257CA5F128589B2C0009BE17 /* Extension */,
				25C4818D2858E47D000C6D7F /* Model */,
				25C4818C2858E464000C6D7F /* Controller */,
				25C4818B2858E443000C6D7F /* View */,
				251CF80828586FC8004BDEC9 /* Info.plist */,
				257CA5EC285895620009BE17 /* GoogleService-Info.plist */,
			);
			path = BringAPetHome;
			sourceTree = "<group>";
		};
		253773BC285AE58700B28A3D /* Home */ = {
			isa = PBXGroup;
			children = (
				252D807B28597CFE0076236B /* HomeCollectionViewCell.swift */,
				253773BD285AE5B300B28A3D /* HomeDetailTableViewCell.swift */,
				251C9983285DCA2D00E46457 /* FavoriteListTableViewCell.swift */,
			);
			path = Home;
			sourceTree = "<group>";
		};
		254861B128659BC500A4C177 /* Share */ = {
			isa = PBXGroup;
			children = (
				2511F47028670A5800E59FB0 /* SharePetCollectionViewController.swift */,
				251AAA8B28686F840074F094 /* ShareDetailViewController.swift */,
				2511F472286725A800E59FB0 /* PostSharingViewController.swift */,
				25E5732E2869746F009348A0 /* ShareCommentViewController.swift */,
			);
			path = Share;
			sourceTree = "<group>";
		};
		254861B42865AE5400A4C177 /* Share */ = {
			isa = PBXGroup;
			children = (
				254861B52865AE7B00A4C177 /* ShareCollectionViewCell.swift */,
				251AAA8D286875A90074F094 /* ShareDetailTableViewCell.swift */,
				25E5733028699EA0009348A0 /* ShareCommentTableViewCell.swift */,
			);
			path = Share;
			sourceTree = "<group>";
		};
		257CA5F128589B2C0009BE17 /* Extension */ = {
			isa = PBXGroup;
			children = (
				257CA5EF28589A780009BE17 /* UIView+Extension.swift */,
				257CA5F228589B550009BE17 /* UIScreen+Extension.swift */,
				252D807F2859A1A40076236B /* UITableViewCell+Extension.swift */,
			);
			path = Extension;
			sourceTree = "<group>";
		};
		25C4818B2858E443000C6D7F /* View */ = {
			isa = PBXGroup;
			children = (
				25E573372869B291009348A0 /* Profile */,
				254861B42865AE5400A4C177 /* Share */,
				251A7EAD285F11F800FA7E1D /* Adoption */,
				253773BC285AE58700B28A3D /* Home */,
				251CF80028586FC7004BDEC9 /* Main.storyboard */,
				251CF80528586FC8004BDEC9 /* LaunchScreen.storyboard */,
			);
			path = View;
			sourceTree = "<group>";
		};
		25C4818C2858E464000C6D7F /* Controller */ = {
			isa = PBXGroup;
			children = (
				25E573322869B1E9009348A0 /* Profile */,
				254861B128659BC500A4C177 /* Share */,
				251A7EAA285F111700FA7E1D /* Adoption */,
				251A7EA9285F10F500FA7E1D /* Home */,
			);
			path = Controller;
			sourceTree = "<group>";
		};
		25C4818D2858E47D000C6D7F /* Model */ = {
			isa = PBXGroup;
			children = (
				252D80832859E67C0076236B /* HTTP.swift */,
				25E5733B2869D343009348A0 /* CustomFunc.swift */,
				252D807D285995290076236B /* ShelterDataModel.swift */,
				252D80812859CC7C0076236B /* ShelterManager.swift */,
				25A215B828607435002CE9BA /* AdoptionModel.swift */,
				25BB098728616F60005E7872 /* AdoptionManager.swift */,
				2511F4742867413B00E59FB0 /* ShareModel.swift */,
				2511F47628674AE900E59FB0 /* ShareManager.swift */,
				25178B9F286AA6DB008126A9 /* UserModel.swift */,
				25178BA1286AA79C008126A9 /* UserFirebaseManager.swift */,
				251A7EA6285EED5000FA7E1D /* AnimalData.xcdatamodeld */,
			);
			path = Model;
			sourceTree = "<group>";
		};
		25E573322869B1E9009348A0 /* Profile */ = {
			isa = PBXGroup;
			children = (
				25E573382869B6A8009348A0 /* SignInWithAppleVC.swift */,
				25E573332869B20E009348A0 /* ProfileViewController.swift */,
				25349ABC286C484A00C5F76B /* EditProfileViewController.swift */,
			);
			path = Profile;
			sourceTree = "<group>";
		};
		25E573372869B291009348A0 /* Profile */ = {
			isa = PBXGroup;
			children = (
				25E573352869B26D009348A0 /* ProfileTableViewCell.swift */,
			);
			path = Profile;
			sourceTree = "<group>";
		};
		D5EDE5F826D72F73483289C1 /* Frameworks */ = {
			isa = PBXGroup;
			children = (
				6EB70D8402DBAFBE4D0C90C4 /* Pods_BringAPetHome.framework */,
			);
			name = Frameworks;
			sourceTree = "<group>";
		};
/* End PBXGroup section */

/* Begin PBXNativeTarget section */
		251CF7F628586FC7004BDEC9 /* BringAPetHome */ = {
			isa = PBXNativeTarget;
			buildConfigurationList = 251CF80B28586FC8004BDEC9 /* Build configuration list for PBXNativeTarget "BringAPetHome" */;
			buildPhases = (
				E2AC4D3A6F3F155308DF51BA /* [CP] Check Pods Manifest.lock */,
				251CF7F328586FC7004BDEC9 /* Sources */,
				251CF7F428586FC7004BDEC9 /* Frameworks */,
				251CF7F528586FC7004BDEC9 /* Resources */,
				0D5C4694D7DBD01C2426F7CD /* [CP] Embed Pods Frameworks */,
				257CA5EE285899460009BE17 /* ShellScript */,
			);
			buildRules = (
			);
			dependencies = (
			);
			name = BringAPetHome;
			productName = BringAPetHome;
			productReference = 251CF7F728586FC7004BDEC9 /* BringAPetHome.app */;
			productType = "com.apple.product-type.application";
		};
/* End PBXNativeTarget section */

/* Begin PBXProject section */
		251CF7EF28586FC6004BDEC9 /* Project object */ = {
			isa = PBXProject;
			attributes = {
				BuildIndependentTargetsInParallel = 1;
				LastSwiftUpdateCheck = 1340;
				LastUpgradeCheck = 1340;
				TargetAttributes = {
					251CF7F628586FC7004BDEC9 = {
						CreatedOnToolsVersion = 13.4.1;
					};
				};
			};
			buildConfigurationList = 251CF7F228586FC6004BDEC9 /* Build configuration list for PBXProject "BringAPetHome" */;
			compatibilityVersion = "Xcode 13.0";
			developmentRegion = en;
			hasScannedForEncodings = 0;
			knownRegions = (
				en,
				Base,
			);
			mainGroup = 251CF7EE28586FC6004BDEC9;
			productRefGroup = 251CF7F828586FC7004BDEC9 /* Products */;
			projectDirPath = "";
			projectRoot = "";
			targets = (
				251CF7F628586FC7004BDEC9 /* BringAPetHome */,
			);
		};
/* End PBXProject section */

/* Begin PBXResourcesBuildPhase section */
		251CF7F528586FC7004BDEC9 /* Resources */ = {
			isa = PBXResourcesBuildPhase;
			buildActionMask = 2147483647;
			files = (
				251CF80728586FC8004BDEC9 /* LaunchScreen.storyboard in Resources */,
				257CA5ED285895620009BE17 /* GoogleService-Info.plist in Resources */,
				251CF80428586FC8004BDEC9 /* Assets.xcassets in Resources */,
				251CF80228586FC7004BDEC9 /* Main.storyboard in Resources */,
			);
			runOnlyForDeploymentPostprocessing = 0;
		};
/* End PBXResourcesBuildPhase section */

/* Begin PBXShellScriptBuildPhase section */
		0D5C4694D7DBD01C2426F7CD /* [CP] Embed Pods Frameworks */ = {
			isa = PBXShellScriptBuildPhase;
			buildActionMask = 2147483647;
			files = (
			);
			inputFileListPaths = (
				"${PODS_ROOT}/Target Support Files/Pods-BringAPetHome/Pods-BringAPetHome-frameworks-${CONFIGURATION}-input-files.xcfilelist",
			);
			name = "[CP] Embed Pods Frameworks";
			outputFileListPaths = (
				"${PODS_ROOT}/Target Support Files/Pods-BringAPetHome/Pods-BringAPetHome-frameworks-${CONFIGURATION}-output-files.xcfilelist",
			);
			runOnlyForDeploymentPostprocessing = 0;
			shellPath = /bin/sh;
			shellScript = "\"${PODS_ROOT}/Target Support Files/Pods-BringAPetHome/Pods-BringAPetHome-frameworks.sh\"\n";
			showEnvVarsInLog = 0;
		};
		257CA5EE285899460009BE17 /* ShellScript */ = {
			isa = PBXShellScriptBuildPhase;
			buildActionMask = 12;
			files = (
			);
			inputFileListPaths = (
			);
			inputPaths = (
			);
			outputFileListPaths = (
			);
			outputPaths = (
			);
			runOnlyForDeploymentPostprocessing = 0;
			shellPath = /bin/sh;
			shellScript = "\"${PODS_ROOT}/SwiftLint/swiftlint\"\n";
		};
		E2AC4D3A6F3F155308DF51BA /* [CP] Check Pods Manifest.lock */ = {
			isa = PBXShellScriptBuildPhase;
			buildActionMask = 2147483647;
			files = (
			);
			inputFileListPaths = (
			);
			inputPaths = (
				"${PODS_PODFILE_DIR_PATH}/Podfile.lock",
				"${PODS_ROOT}/Manifest.lock",
			);
			name = "[CP] Check Pods Manifest.lock";
			outputFileListPaths = (
			);
			outputPaths = (
				"$(DERIVED_FILE_DIR)/Pods-BringAPetHome-checkManifestLockResult.txt",
			);
			runOnlyForDeploymentPostprocessing = 0;
			shellPath = /bin/sh;
			shellScript = "diff \"${PODS_PODFILE_DIR_PATH}/Podfile.lock\" \"${PODS_ROOT}/Manifest.lock\" > /dev/null\nif [ $? != 0 ] ; then\n    # print error to STDERR\n    echo \"error: The sandbox is not in sync with the Podfile.lock. Run 'pod install' or update your CocoaPods installation.\" >&2\n    exit 1\nfi\n# This output is used by Xcode 'outputs' to avoid re-running this script phase.\necho \"SUCCESS\" > \"${SCRIPT_OUTPUT_FILE_0}\"\n";
			showEnvVarsInLog = 0;
		};
/* End PBXShellScriptBuildPhase section */

/* Begin PBXSourcesBuildPhase section */
		251CF7F328586FC7004BDEC9 /* Sources */ = {
			isa = PBXSourcesBuildPhase;
			buildActionMask = 2147483647;
			files = (
				25E5732F2869746F009348A0 /* ShareCommentViewController.swift in Sources */,
				251A7EA8285EED5100FA7E1D /* AnimalData.xcdatamodeld in Sources */,
				251646AF28643FD400D3AF27 /* CommentTableViewCell.swift in Sources */,
				251AAA8E286875A90074F094 /* ShareDetailTableViewCell.swift in Sources */,
				252D80822859CC7C0076236B /* ShelterManager.swift in Sources */,
				254861B62865AE7B00A4C177 /* ShareCollectionViewCell.swift in Sources */,
				251CF7FF28586FC7004BDEC9 /* HomeViewController.swift in Sources */,
				252D8086285A170A0076236B /* HomeDetailViewController.swift in Sources */,
				25349ABD286C484A00C5F76B /* EditProfileViewController.swift in Sources */,
				25E573362869B26D009348A0 /* ProfileTableViewCell.swift in Sources */,
				2511F47128670A5800E59FB0 /* SharePetCollectionViewController.swift in Sources */,
				25E5733128699EA0009348A0 /* ShareCommentTableViewCell.swift in Sources */,
				25A215B928607435002CE9BA /* AdoptionModel.swift in Sources */,
				2511F47728674AE900E59FB0 /* ShareManager.swift in Sources */,
				252D80802859A1A40076236B /* UITableViewCell+Extension.swift in Sources */,
				257CA5F328589B550009BE17 /* UIScreen+Extension.swift in Sources */,
				251646AD286434CF00D3AF27 /* CommentViewController.swift in Sources */,
				251CF7FB28586FC7004BDEC9 /* AppDelegate.swift in Sources */,
				251AAA8C28686F840074F094 /* ShareDetailViewController.swift in Sources */,
				252D80842859E67C0076236B /* HTTP.swift in Sources */,
				257CA5F028589A780009BE17 /* UIView+Extension.swift in Sources */,
				25178BA2286AA79C008126A9 /* UserFirebaseManager.swift in Sources */,
				251C9982285DC74E00E46457 /* FavoriteListViewController.swift in Sources */,
				251C9984285DCA2D00E46457 /* FavoriteListTableViewCell.swift in Sources */,
				25BB098828616F60005E7872 /* AdoptionManager.swift in Sources */,
				252D807E285995290076236B /* ShelterDataModel.swift in Sources */,
				2511F473286725A800E59FB0 /* PostSharingViewController.swift in Sources */,
				25E573342869B20E009348A0 /* ProfileViewController.swift in Sources */,
				25E5733C2869D343009348A0 /* CustomFunc.swift in Sources */,
				251AF645285C597F007B912D /* HomeFilterViewController.swift in Sources */,
				251CF7FD28586FC7004BDEC9 /* SceneDelegate.swift in Sources */,
				251A7EAC285F114100FA7E1D /* AdoptionViewController.swift in Sources */,
				252D807C28597CFE0076236B /* HomeCollectionViewCell.swift in Sources */,
				25A215BB2860749F002CE9BA /* PublishAdoptionViewController.swift in Sources */,
				253773BE285AE5B300B28A3D /* HomeDetailTableViewCell.swift in Sources */,
				25E573392869B6A8009348A0 /* SignInWithAppleVC.swift in Sources */,
				25178BA0286AA6DB008126A9 /* UserModel.swift in Sources */,
				2511F4752867413B00E59FB0 /* ShareModel.swift in Sources */,
				251AF647285CB0EF007B912D /* MapViewController.swift in Sources */,
				251A7EAF285F122800FA7E1D /* AdoptionTableViewCell.swift in Sources */,
			);
			runOnlyForDeploymentPostprocessing = 0;
		};
/* End PBXSourcesBuildPhase section */

/* Begin PBXVariantGroup section */
		251CF80028586FC7004BDEC9 /* Main.storyboard */ = {
			isa = PBXVariantGroup;
			children = (
				251CF80128586FC7004BDEC9 /* Base */,
			);
			name = Main.storyboard;
			sourceTree = "<group>";
		};
		251CF80528586FC8004BDEC9 /* LaunchScreen.storyboard */ = {
			isa = PBXVariantGroup;
			children = (
				251CF80628586FC8004BDEC9 /* Base */,
			);
			name = LaunchScreen.storyboard;
			sourceTree = "<group>";
		};
/* End PBXVariantGroup section */

/* Begin XCBuildConfiguration section */
		251CF80928586FC8004BDEC9 /* Debug */ = {
			isa = XCBuildConfiguration;
			buildSettings = {
				ALWAYS_SEARCH_USER_PATHS = NO;
				CLANG_ANALYZER_NONNULL = YES;
				CLANG_ANALYZER_NUMBER_OBJECT_CONVERSION = YES_AGGRESSIVE;
				CLANG_CXX_LANGUAGE_STANDARD = "gnu++17";
				CLANG_ENABLE_MODULES = YES;
				CLANG_ENABLE_OBJC_ARC = YES;
				CLANG_ENABLE_OBJC_WEAK = YES;
				CLANG_WARN_BLOCK_CAPTURE_AUTORELEASING = YES;
				CLANG_WARN_BOOL_CONVERSION = YES;
				CLANG_WARN_COMMA = YES;
				CLANG_WARN_CONSTANT_CONVERSION = YES;
				CLANG_WARN_DEPRECATED_OBJC_IMPLEMENTATIONS = YES;
				CLANG_WARN_DIRECT_OBJC_ISA_USAGE = YES_ERROR;
				CLANG_WARN_DOCUMENTATION_COMMENTS = YES;
				CLANG_WARN_EMPTY_BODY = YES;
				CLANG_WARN_ENUM_CONVERSION = YES;
				CLANG_WARN_INFINITE_RECURSION = YES;
				CLANG_WARN_INT_CONVERSION = YES;
				CLANG_WARN_NON_LITERAL_NULL_CONVERSION = YES;
				CLANG_WARN_OBJC_IMPLICIT_RETAIN_SELF = YES;
				CLANG_WARN_OBJC_LITERAL_CONVERSION = YES;
				CLANG_WARN_OBJC_ROOT_CLASS = YES_ERROR;
				CLANG_WARN_QUOTED_INCLUDE_IN_FRAMEWORK_HEADER = YES;
				CLANG_WARN_RANGE_LOOP_ANALYSIS = YES;
				CLANG_WARN_STRICT_PROTOTYPES = YES;
				CLANG_WARN_SUSPICIOUS_MOVE = YES;
				CLANG_WARN_UNGUARDED_AVAILABILITY = YES_AGGRESSIVE;
				CLANG_WARN_UNREACHABLE_CODE = YES;
				CLANG_WARN__DUPLICATE_METHOD_MATCH = YES;
				COPY_PHASE_STRIP = NO;
				DEBUG_INFORMATION_FORMAT = dwarf;
				ENABLE_STRICT_OBJC_MSGSEND = YES;
				ENABLE_TESTABILITY = YES;
				GCC_C_LANGUAGE_STANDARD = gnu11;
				GCC_DYNAMIC_NO_PIC = NO;
				GCC_NO_COMMON_BLOCKS = YES;
				GCC_OPTIMIZATION_LEVEL = 0;
				GCC_PREPROCESSOR_DEFINITIONS = (
					"DEBUG=1",
					"$(inherited)",
				);
				GCC_WARN_64_TO_32_BIT_CONVERSION = YES;
				GCC_WARN_ABOUT_RETURN_TYPE = YES_ERROR;
				GCC_WARN_UNDECLARED_SELECTOR = YES;
				GCC_WARN_UNINITIALIZED_AUTOS = YES_AGGRESSIVE;
				GCC_WARN_UNUSED_FUNCTION = YES;
				GCC_WARN_UNUSED_VARIABLE = YES;
				IPHONEOS_DEPLOYMENT_TARGET = 15.0;
				MTL_ENABLE_DEBUG_INFO = INCLUDE_SOURCE;
				MTL_FAST_MATH = YES;
				ONLY_ACTIVE_ARCH = YES;
				SDKROOT = iphoneos;
				SWIFT_ACTIVE_COMPILATION_CONDITIONS = DEBUG;
				SWIFT_OPTIMIZATION_LEVEL = "-Onone";
			};
			name = Debug;
		};
		251CF80A28586FC8004BDEC9 /* Release */ = {
			isa = XCBuildConfiguration;
			buildSettings = {
				ALWAYS_SEARCH_USER_PATHS = NO;
				CLANG_ANALYZER_NONNULL = YES;
				CLANG_ANALYZER_NUMBER_OBJECT_CONVERSION = YES_AGGRESSIVE;
				CLANG_CXX_LANGUAGE_STANDARD = "gnu++17";
				CLANG_ENABLE_MODULES = YES;
				CLANG_ENABLE_OBJC_ARC = YES;
				CLANG_ENABLE_OBJC_WEAK = YES;
				CLANG_WARN_BLOCK_CAPTURE_AUTORELEASING = YES;
				CLANG_WARN_BOOL_CONVERSION = YES;
				CLANG_WARN_COMMA = YES;
				CLANG_WARN_CONSTANT_CONVERSION = YES;
				CLANG_WARN_DEPRECATED_OBJC_IMPLEMENTATIONS = YES;
				CLANG_WARN_DIRECT_OBJC_ISA_USAGE = YES_ERROR;
				CLANG_WARN_DOCUMENTATION_COMMENTS = YES;
				CLANG_WARN_EMPTY_BODY = YES;
				CLANG_WARN_ENUM_CONVERSION = YES;
				CLANG_WARN_INFINITE_RECURSION = YES;
				CLANG_WARN_INT_CONVERSION = YES;
				CLANG_WARN_NON_LITERAL_NULL_CONVERSION = YES;
				CLANG_WARN_OBJC_IMPLICIT_RETAIN_SELF = YES;
				CLANG_WARN_OBJC_LITERAL_CONVERSION = YES;
				CLANG_WARN_OBJC_ROOT_CLASS = YES_ERROR;
				CLANG_WARN_QUOTED_INCLUDE_IN_FRAMEWORK_HEADER = YES;
				CLANG_WARN_RANGE_LOOP_ANALYSIS = YES;
				CLANG_WARN_STRICT_PROTOTYPES = YES;
				CLANG_WARN_SUSPICIOUS_MOVE = YES;
				CLANG_WARN_UNGUARDED_AVAILABILITY = YES_AGGRESSIVE;
				CLANG_WARN_UNREACHABLE_CODE = YES;
				CLANG_WARN__DUPLICATE_METHOD_MATCH = YES;
				COPY_PHASE_STRIP = NO;
				DEBUG_INFORMATION_FORMAT = "dwarf-with-dsym";
				ENABLE_NS_ASSERTIONS = NO;
				ENABLE_STRICT_OBJC_MSGSEND = YES;
				GCC_C_LANGUAGE_STANDARD = gnu11;
				GCC_NO_COMMON_BLOCKS = YES;
				GCC_WARN_64_TO_32_BIT_CONVERSION = YES;
				GCC_WARN_ABOUT_RETURN_TYPE = YES_ERROR;
				GCC_WARN_UNDECLARED_SELECTOR = YES;
				GCC_WARN_UNINITIALIZED_AUTOS = YES_AGGRESSIVE;
				GCC_WARN_UNUSED_FUNCTION = YES;
				GCC_WARN_UNUSED_VARIABLE = YES;
				IPHONEOS_DEPLOYMENT_TARGET = 15.0;
				MTL_ENABLE_DEBUG_INFO = NO;
				MTL_FAST_MATH = YES;
				SDKROOT = iphoneos;
				SWIFT_COMPILATION_MODE = wholemodule;
				SWIFT_OPTIMIZATION_LEVEL = "-O";
				VALIDATE_PRODUCT = YES;
			};
			name = Release;
		};
		251CF80C28586FC8004BDEC9 /* Debug */ = {
			isa = XCBuildConfiguration;
			baseConfigurationReference = 88403816CC320A23BF606720 /* Pods-BringAPetHome.debug.xcconfig */;
			buildSettings = {
				ASSETCATALOG_COMPILER_APPICON_NAME = AppIcon;
				ASSETCATALOG_COMPILER_GLOBAL_ACCENT_COLOR_NAME = AccentColor;
				CODE_SIGN_ENTITLEMENTS = BringAPetHome/BringAPetHome.entitlements;
				CODE_SIGN_STYLE = Automatic;
				CURRENT_PROJECT_VERSION = 3;
				DEVELOPMENT_TEAM = J3XG5W7SR9;
				"EXCLUDED_ARCHS[sdk=iphonesimulator*]" = arm64;
				GENERATE_INFOPLIST_FILE = YES;
				INFOPLIST_FILE = BringAPetHome/Info.plist;
				INFOPLIST_KEY_NSCameraUsageDescription = "需要您的同意，才能開啟相機";
				INFOPLIST_KEY_NSPhotoLibraryAddUsageDescription = "需要您的同意，才能寫入相簿";
				INFOPLIST_KEY_NSPhotoLibraryUsageDescription = "需要您的同意，才能使用相簿";
				INFOPLIST_KEY_UIApplicationSupportsIndirectInputEvents = YES;
				INFOPLIST_KEY_UILaunchStoryboardName = LaunchScreen;
				INFOPLIST_KEY_UIMainStoryboardFile = Main;
				INFOPLIST_KEY_UISupportedInterfaceOrientations_iPad = "UIInterfaceOrientationPortrait UIInterfaceOrientationPortraitUpsideDown UIInterfaceOrientationLandscapeLeft UIInterfaceOrientationLandscapeRight";
				INFOPLIST_KEY_UISupportedInterfaceOrientations_iPhone = "UIInterfaceOrientationPortrait UIInterfaceOrientationLandscapeLeft UIInterfaceOrientationLandscapeRight";
				LD_RUNPATH_SEARCH_PATHS = (
					"$(inherited)",
					"@executable_path/Frameworks",
				);
				MARKETING_VERSION = 0.0.1;
				PRODUCT_BUNDLE_IDENTIFIER = com.YiTing.BringAPetHome;
				PRODUCT_NAME = "$(TARGET_NAME)";
				SWIFT_EMIT_LOC_STRINGS = YES;
				SWIFT_VERSION = 5.0;
				TARGETED_DEVICE_FAMILY = "1,2";
			};
			name = Debug;
		};
		251CF80D28586FC8004BDEC9 /* Release */ = {
			isa = XCBuildConfiguration;
			baseConfigurationReference = 3553C5DC4967E9C811258625 /* Pods-BringAPetHome.release.xcconfig */;
			buildSettings = {
				ASSETCATALOG_COMPILER_APPICON_NAME = AppIcon;
				ASSETCATALOG_COMPILER_GLOBAL_ACCENT_COLOR_NAME = AccentColor;
				CODE_SIGN_ENTITLEMENTS = BringAPetHome/BringAPetHome.entitlements;
				CODE_SIGN_STYLE = Automatic;
				CURRENT_PROJECT_VERSION = 3;
				DEVELOPMENT_TEAM = J3XG5W7SR9;
				GENERATE_INFOPLIST_FILE = YES;
				INFOPLIST_FILE = BringAPetHome/Info.plist;
				INFOPLIST_KEY_NSCameraUsageDescription = "需要您的同意，才能開啟相機";
				INFOPLIST_KEY_NSPhotoLibraryAddUsageDescription = "需要您的同意，才能寫入相簿";
				INFOPLIST_KEY_NSPhotoLibraryUsageDescription = "需要您的同意，才能使用相簿";
				INFOPLIST_KEY_UIApplicationSupportsIndirectInputEvents = YES;
				INFOPLIST_KEY_UILaunchStoryboardName = LaunchScreen;
				INFOPLIST_KEY_UIMainStoryboardFile = Main;
				INFOPLIST_KEY_UISupportedInterfaceOrientations_iPad = "UIInterfaceOrientationPortrait UIInterfaceOrientationPortraitUpsideDown UIInterfaceOrientationLandscapeLeft UIInterfaceOrientationLandscapeRight";
				INFOPLIST_KEY_UISupportedInterfaceOrientations_iPhone = "UIInterfaceOrientationPortrait UIInterfaceOrientationLandscapeLeft UIInterfaceOrientationLandscapeRight";
				LD_RUNPATH_SEARCH_PATHS = (
					"$(inherited)",
					"@executable_path/Frameworks",
				);
				MARKETING_VERSION = 0.0.1;
				PRODUCT_BUNDLE_IDENTIFIER = com.YiTing.BringAPetHome;
				PRODUCT_NAME = "$(TARGET_NAME)";
				SWIFT_EMIT_LOC_STRINGS = YES;
				SWIFT_VERSION = 5.0;
				TARGETED_DEVICE_FAMILY = "1,2";
			};
			name = Release;
		};
/* End XCBuildConfiguration section */

/* Begin XCConfigurationList section */
		251CF7F228586FC6004BDEC9 /* Build configuration list for PBXProject "BringAPetHome" */ = {
			isa = XCConfigurationList;
			buildConfigurations = (
				251CF80928586FC8004BDEC9 /* Debug */,
				251CF80A28586FC8004BDEC9 /* Release */,
			);
			defaultConfigurationIsVisible = 0;
			defaultConfigurationName = Release;
		};
		251CF80B28586FC8004BDEC9 /* Build configuration list for PBXNativeTarget "BringAPetHome" */ = {
			isa = XCConfigurationList;
			buildConfigurations = (
				251CF80C28586FC8004BDEC9 /* Debug */,
				251CF80D28586FC8004BDEC9 /* Release */,
			);
			defaultConfigurationIsVisible = 0;
			defaultConfigurationName = Release;
		};
/* End XCConfigurationList section */

/* Begin XCVersionGroup section */
		251A7EA6285EED5000FA7E1D /* AnimalData.xcdatamodeld */ = {
			isa = XCVersionGroup;
			children = (
				251A7EA7285EED5000FA7E1D /* UserData.xcdatamodel */,
			);
			currentVersion = 251A7EA7285EED5000FA7E1D /* UserData.xcdatamodel */;
			path = AnimalData.xcdatamodeld;
			sourceTree = "<group>";
			versionGroupType = wrapper.xcdatamodel;
		};
/* End XCVersionGroup section */
	};
	rootObject = 251CF7EF28586FC6004BDEC9 /* Project object */;
}
